<?xml version="1.0" encoding="utf-8"?>
<Project ToolsVersion="4.0" xmlns="http://schemas.microsoft.com/developer/msbuild/2003">
  <ItemGroup>
    <Filter Include="源文件">
      <UniqueIdentifier>{4FC737F1-C7A5-4376-A066-2A32D752A2FF}</UniqueIdentifier>
      <Extensions>cpp;c;cc;cxx;c++;cppm;ixx;def;odl;idl;hpj;bat;asm;asmx</Extensions>
    </Filter>
    <Filter Include="头文件">
      <UniqueIdentifier>{93995380-89BD-4b04-88EB-625FBE52EBFB}</UniqueIdentifier>
      <Extensions>h;hh;hpp;hxx;h++;hm;inl;inc;ipp;xsd</Extensions>
    </Filter>
    <Filter Include="资源文件">
      <UniqueIdentifier>{67DA6AB6-F800-4c08-8B7A-83BB121AAD01}</UniqueIdentifier>
      <Extensions>rc;ico;cur;bmp;dlg;rc2;rct;bin;rgs;gif;jpg;jpeg;jpe;resx;tiff;tif;png;wav;mfcribbon-ms</Extensions>
    </Filter>
    <Filter Include="VideoCapture">
      <UniqueIdentifier>{dc71c94f-889f-41b5-86d0-ff485a280fa5}</UniqueIdentifier>
    </Filter>
    <Filter Include="AudioCapture">
      <UniqueIdentifier>{5696eb8f-3d5f-48f0-8197-73db76e1e9a5}</UniqueIdentifier>
    </Filter>
    <Filter Include="ffmpeg">
      <UniqueIdentifier>{95b2fe1c-6f4f-42ad-9ebe-b32f273e4955}</UniqueIdentifier>
    </Filter>
  </ItemGroup>
  <ItemGroup>
    <ClCompile Include="main.cpp">
      <Filter>源文件</Filter>
    </ClCompile>
    <ClCompile Include="cmatch.cpp">
      <Filter>源文件</Filter>
    </ClCompile>
    <ClCompile Include="..\VideoCapture\DXGIScreenCapture.cpp">
      <Filter>VideoCapture</Filter>
    </ClCompile>
    <ClCompile Include="..\VideoCapture\WindowHelper.cpp">
      <Filter>VideoCapture</Filter>
    </ClCompile>
    <ClCompile Include="..\AudioCapture\AudioCapture.cpp">
      <Filter>AudioCapture</Filter>
    </ClCompile>
    <ClCompile Include="..\AudioCapture\WASAPICapture.cpp">
      <Filter>AudioCapture</Filter>
    </ClCompile>
    <ClCompile Include="..\AudioCapture\WASAPIPlayer.cpp">
      <Filter>AudioCapture</Filter>
    </ClCompile>
    <ClCompile Include="..\VideoCapture\GDIScreenCapture.cpp">
      <Filter>VideoCapture</Filter>
    </ClCompile>
  </ItemGroup>
  <ItemGroup>
    <ClInclude Include="cmatch.h">
      <Filter>头文件</Filter>
    </ClInclude>
    <ClInclude Include="..\VideoCapture\DXGIScreenCapture.h">
      <Filter>VideoCapture</Filter>
    </ClInclude>
    <ClInclude Include="..\VideoCapture\qedit.h">
      <Filter>VideoCapture</Filter>
    </ClInclude>
    <ClInclude Include="..\VideoCapture\WindowHelper.h">
      <Filter>VideoCapture</Filter>
    </ClInclude>
    <ClInclude Include="..\AudioCapture\AudioBuffer.h">
      <Filter>AudioCapture</Filter>
    </ClInclude>
    <ClInclude Include="..\AudioCapture\AudioCapture.h">
      <Filter>AudioCapture</Filter>
    </ClInclude>
    <ClInclude Include="..\AudioCapture\WASAPICapture.h">
      <Filter>AudioCapture</Filter>
    </ClInclude>
    <ClInclude Include="..\AudioCapture\WASAPIPlayer.h">
      <Filter>AudioCapture</Filter>
    </ClInclude>
    <ClInclude Include="..\VideoCapture\GDIScreenCapture.h">
      <Filter>VideoCapture</Filter>
    </ClInclude>
    <ClInclude Include="..\include\libavcodec\ac3_parser.h">
      <Filter>ffmpeg</Filter>
    </ClInclude>
    <ClInclude Include="..\include\libavcodec\adts_parser.h">
      <Filter>ffmpeg</Filter>
    </ClInclude>
    <ClInclude Include="..\include\libavcodec\avcodec.h">
      <Filter>ffmpeg</Filter>
    </ClInclude>
    <ClInclude Include="..\include\libavcodec\avdct.h">
      <Filter>ffmpeg</Filter>
    </ClInclude>
    <ClInclude Include="..\include\libavcodec\avfft.h">
      <Filter>ffmpeg</Filter>
    </ClInclude>
    <ClInclude Include="..\include\libavcodec\bsf.h">
      <Filter>ffmpeg</Filter>
    </ClInclude>
    <ClInclude Include="..\include\libavcodec\codec.h">
      <Filter>ffmpeg</Filter>
    </ClInclude>
    <ClInclude Include="..\include\libavcodec\codec_desc.h">
      <Filter>ffmpeg</Filter>
    </ClInclude>
    <ClInclude Include="..\include\libavcodec\codec_id.h">
      <Filter>ffmpeg</Filter>
    </ClInclude>
    <ClInclude Include="..\include\libavcodec\codec_par.h">
      <Filter>ffmpeg</Filter>
    </ClInclude>
    <ClInclude Include="..\include\libavcodec\d3d11va.h">
      <Filter>ffmpeg</Filter>
    </ClInclude>
    <ClInclude Include="..\include\libavcodec\defs.h">
      <Filter>ffmpeg</Filter>
    </ClInclude>
    <ClInclude Include="..\include\libavcodec\dirac.h">
      <Filter>ffmpeg</Filter>
    </ClInclude>
    <ClInclude Include="..\include\libavcodec\dv_profile.h">
      <Filter>ffmpeg</Filter>
    </ClInclude>
    <ClInclude Include="..\include\libavcodec\dxva2.h">
      <Filter>ffmpeg</Filter>
    </ClInclude>
    <ClInclude Include="..\include\libavcodec\jni.h">
      <Filter>ffmpeg</Filter>
    </ClInclude>
    <ClInclude Include="..\include\libavcodec\mediacodec.h">
      <Filter>ffmpeg</Filter>
    </ClInclude>
    <ClInclude Include="..\include\libavcodec\packet.h">
      <Filter>ffmpeg</Filter>
    </ClInclude>
    <ClInclude Include="..\include\libavcodec\qsv.h">
      <Filter>ffmpeg</Filter>
    </ClInclude>
    <ClInclude Include="..\include\libavcodec\vdpau.h">
      <Filter>ffmpeg</Filter>
    </ClInclude>
    <ClInclude Include="..\include\libavcodec\version.h">
      <Filter>ffmpeg</Filter>
    </ClInclude>
    <ClInclude Include="..\include\libavcodec\version_major.h">
      <Filter>ffmpeg</Filter>
    </ClInclude>
    <ClInclude Include="..\include\libavcodec\videotoolbox.h">
      <Filter>ffmpeg</Filter>
    </ClInclude>
    <ClInclude Include="..\include\libavcodec\vorbis_parser.h">
      <Filter>ffmpeg</Filter>
    </ClInclude>
    <ClInclude Include="..\include\libavcodec\xvmc.h">
      <Filter>ffmpeg</Filter>
    </ClInclude>
    <ClInclude Include="..\include\libavdevice\avdevice.h">
      <Filter>ffmpeg</Filter>
    </ClInclude>
    <ClInclude Include="..\include\libavdevice\version.h">
      <Filter>ffmpeg</Filter>
    </ClInclude>
    <ClInclude Include="..\include\libavdevice\version_major.h">
      <Filter>ffmpeg</Filter>
    </ClInclude>
    <ClInclude Include="..\include\libavfilter\avfilter.h">
      <Filter>ffmpeg</Filter>
    </ClInclude>
    <ClInclude Include="..\include\libavfilter\buffersink.h">
      <Filter>ffmpeg</Filter>
    </ClInclude>
    <ClInclude Include="..\include\libavfilter\buffersrc.h">
      <Filter>ffmpeg</Filter>
    </ClInclude>
    <ClInclude Include="..\include\libavfilter\version.h">
      <Filter>ffmpeg</Filter>
    </ClInclude>
    <ClInclude Include="..\include\libavfilter\version_major.h">
      <Filter>ffmpeg</Filter>
    </ClInclude>
    <ClInclude Include="..\include\libavformat\avformat.h">
      <Filter>ffmpeg</Filter>
    </ClInclude>
    <ClInclude Include="..\include\libavformat\avio.h">
      <Filter>ffmpeg</Filter>
    </ClInclude>
    <ClInclude Include="..\include\libavformat\version.h">
      <Filter>ffmpeg</Filter>
    </ClInclude>
    <ClInclude Include="..\include\libavformat\version_major.h">
      <Filter>ffmpeg</Filter>
    </ClInclude>
    <ClInclude Include="..\include\libavutil\adler32.h">
      <Filter>ffmpeg</Filter>
    </ClInclude>
    <ClInclude Include="..\include\libavutil\aes.h">
      <Filter>ffmpeg</Filter>
    </ClInclude>
    <ClInclude Include="..\include\libavutil\aes_ctr.h">
      <Filter>ffmpeg</Filter>
    </ClInclude>
    <ClInclude Include="..\include\libavutil\attributes.h">
      <Filter>ffmpeg</Filter>
    </ClInclude>
    <ClInclude Include="..\include\libavutil\audio_fifo.h">
      <Filter>ffmpeg</Filter>
    </ClInclude>
    <ClInclude Include="..\include\libavutil\avassert.h">
      <Filter>ffmpeg</Filter>
    </ClInclude>
    <ClInclude Include="..\include\libavutil\avconfig.h">
      <Filter>ffmpeg</Filter>
    </ClInclude>
    <ClInclude Include="..\include\libavutil\avstring.h">
      <Filter>ffmpeg</Filter>
    </ClInclude>
    <ClInclude Include="..\include\libavutil\avutil.h">
      <Filter>ffmpeg</Filter>
    </ClInclude>
    <ClInclude Include="..\include\libavutil\base64.h">
      <Filter>ffmpeg</Filter>
    </ClInclude>
    <ClInclude Include="..\include\libavutil\blowfish.h">
      <Filter>ffmpeg</Filter>
    </ClInclude>
    <ClInclude Include="..\include\libavutil\bprint.h">
      <Filter>ffmpeg</Filter>
    </ClInclude>
    <ClInclude Include="..\include\libavutil\bswap.h">
      <Filter>ffmpeg</Filter>
    </ClInclude>
    <ClInclude Include="..\include\libavutil\buffer.h">
      <Filter>ffmpeg</Filter>
    </ClInclude>
    <ClInclude Include="..\include\libavutil\camellia.h">
      <Filter>ffmpeg</Filter>
    </ClInclude>
    <ClInclude Include="..\include\libavutil\cast5.h">
      <Filter>ffmpeg</Filter>
    </ClInclude>
    <ClInclude Include="..\include\libavutil\channel_layout.h">
      <Filter>ffmpeg</Filter>
    </ClInclude>
    <ClInclude Include="..\include\libavutil\common.h">
      <Filter>ffmpeg</Filter>
    </ClInclude>
    <ClInclude Include="..\include\libavutil\cpu.h">
      <Filter>ffmpeg</Filter>
    </ClInclude>
    <ClInclude Include="..\include\libavutil\crc.h">
      <Filter>ffmpeg</Filter>
    </ClInclude>
    <ClInclude Include="..\include\libavutil\csp.h">
      <Filter>ffmpeg</Filter>
    </ClInclude>
    <ClInclude Include="..\include\libavutil\des.h">
      <Filter>ffmpeg</Filter>
    </ClInclude>
    <ClInclude Include="..\include\libavutil\detection_bbox.h">
      <Filter>ffmpeg</Filter>
    </ClInclude>
    <ClInclude Include="..\include\libavutil\dict.h">
      <Filter>ffmpeg</Filter>
    </ClInclude>
    <ClInclude Include="..\include\libavutil\display.h">
      <Filter>ffmpeg</Filter>
    </ClInclude>
    <ClInclude Include="..\include\libavutil\dovi_meta.h">
      <Filter>ffmpeg</Filter>
    </ClInclude>
    <ClInclude Include="..\include\libavutil\downmix_info.h">
      <Filter>ffmpeg</Filter>
    </ClInclude>
    <ClInclude Include="..\include\libavutil\encryption_info.h">
      <Filter>ffmpeg</Filter>
    </ClInclude>
    <ClInclude Include="..\include\libavutil\error.h">
      <Filter>ffmpeg</Filter>
    </ClInclude>
    <ClInclude Include="..\include\libavutil\eval.h">
      <Filter>ffmpeg</Filter>
    </ClInclude>
    <ClInclude Include="..\include\libavutil\ffversion.h">
      <Filter>ffmpeg</Filter>
    </ClInclude>
    <ClInclude Include="..\include\libavutil\fifo.h">
      <Filter>ffmpeg</Filter>
    </ClInclude>
    <ClInclude Include="..\include\libavutil\file.h">
      <Filter>ffmpeg</Filter>
    </ClInclude>
    <ClInclude Include="..\include\libavutil\film_grain_params.h">
      <Filter>ffmpeg</Filter>
    </ClInclude>
    <ClInclude Include="..\include\libavutil\frame.h">
      <Filter>ffmpeg</Filter>
    </ClInclude>
    <ClInclude Include="..\include\libavutil\hash.h">
      <Filter>ffmpeg</Filter>
    </ClInclude>
    <ClInclude Include="..\include\libavutil\hdr_dynamic_metadata.h">
      <Filter>ffmpeg</Filter>
    </ClInclude>
    <ClInclude Include="..\include\libavutil\hdr_dynamic_vivid_metadata.h">
      <Filter>ffmpeg</Filter>
    </ClInclude>
    <ClInclude Include="..\include\libavutil\hmac.h">
      <Filter>ffmpeg</Filter>
    </ClInclude>
    <ClInclude Include="..\include\libavutil\hwcontext.h">
      <Filter>ffmpeg</Filter>
    </ClInclude>
    <ClInclude Include="..\include\libavutil\hwcontext_cuda.h">
      <Filter>ffmpeg</Filter>
    </ClInclude>
    <ClInclude Include="..\include\libavutil\hwcontext_d3d11va.h">
      <Filter>ffmpeg</Filter>
    </ClInclude>
    <ClInclude Include="..\include\libavutil\hwcontext_drm.h">
      <Filter>ffmpeg</Filter>
    </ClInclude>
    <ClInclude Include="..\include\libavutil\hwcontext_dxva2.h">
      <Filter>ffmpeg</Filter>
    </ClInclude>
    <ClInclude Include="..\include\libavutil\hwcontext_mediacodec.h">
      <Filter>ffmpeg</Filter>
    </ClInclude>
    <ClInclude Include="..\include\libavutil\hwcontext_opencl.h">
      <Filter>ffmpeg</Filter>
    </ClInclude>
    <ClInclude Include="..\include\libavutil\hwcontext_qsv.h">
      <Filter>ffmpeg</Filter>
    </ClInclude>
    <ClInclude Include="..\include\libavutil\hwcontext_vaapi.h">
      <Filter>ffmpeg</Filter>
    </ClInclude>
    <ClInclude Include="..\include\libavutil\hwcontext_vdpau.h">
      <Filter>ffmpeg</Filter>
    </ClInclude>
    <ClInclude Include="..\include\libavutil\hwcontext_videotoolbox.h">
      <Filter>ffmpeg</Filter>
    </ClInclude>
    <ClInclude Include="..\include\libavutil\hwcontext_vulkan.h">
      <Filter>ffmpeg</Filter>
    </ClInclude>
    <ClInclude Include="..\include\libavutil\imgutils.h">
      <Filter>ffmpeg</Filter>
    </ClInclude>
    <ClInclude Include="..\include\libavutil\intfloat.h">
      <Filter>ffmpeg</Filter>
    </ClInclude>
    <ClInclude Include="..\include\libavutil\intreadwrite.h">
      <Filter>ffmpeg</Filter>
    </ClInclude>
    <ClInclude Include="..\include\libavutil\lfg.h">
      <Filter>ffmpeg</Filter>
    </ClInclude>
    <ClInclude Include="..\include\libavutil\log.h">
      <Filter>ffmpeg</Filter>
    </ClInclude>
    <ClInclude Include="..\include\libavutil\lzo.h">
      <Filter>ffmpeg</Filter>
    </ClInclude>
    <ClInclude Include="..\include\libavutil\macros.h">
      <Filter>ffmpeg</Filter>
    </ClInclude>
    <ClInclude Include="..\include\libavutil\mastering_display_metadata.h">
      <Filter>ffmpeg</Filter>
    </ClInclude>
    <ClInclude Include="..\include\libavutil\mathematics.h">
      <Filter>ffmpeg</Filter>
    </ClInclude>
    <ClInclude Include="..\include\libavutil\md5.h">
      <Filter>ffmpeg</Filter>
    </ClInclude>
    <ClInclude Include="..\include\libavutil\mem.h">
      <Filter>ffmpeg</Filter>
    </ClInclude>
    <ClInclude Include="..\include\libavutil\motion_vector.h">
      <Filter>ffmpeg</Filter>
    </ClInclude>
    <ClInclude Include="..\include\libavutil\murmur3.h">
      <Filter>ffmpeg</Filter>
    </ClInclude>
    <ClInclude Include="..\include\libavutil\opt.h">
      <Filter>ffmpeg</Filter>
    </ClInclude>
    <ClInclude Include="..\include\libavutil\parseutils.h">
      <Filter>ffmpeg</Filter>
    </ClInclude>
    <ClInclude Include="..\include\libavutil\pixdesc.h">
      <Filter>ffmpeg</Filter>
    </ClInclude>
    <ClInclude Include="..\include\libavutil\pixelutils.h">
      <Filter>ffmpeg</Filter>
    </ClInclude>
    <ClInclude Include="..\include\libavutil\pixfmt.h">
      <Filter>ffmpeg</Filter>
    </ClInclude>
    <ClInclude Include="..\include\libavutil\random_seed.h">
      <Filter>ffmpeg</Filter>
    </ClInclude>
    <ClInclude Include="..\include\libavutil\rational.h">
      <Filter>ffmpeg</Filter>
    </ClInclude>
    <ClInclude Include="..\include\libavutil\rc4.h">
      <Filter>ffmpeg</Filter>
    </ClInclude>
    <ClInclude Include="..\include\libavutil\replaygain.h">
      <Filter>ffmpeg</Filter>
    </ClInclude>
    <ClInclude Include="..\include\libavutil\ripemd.h">
      <Filter>ffmpeg</Filter>
    </ClInclude>
    <ClInclude Include="..\include\libavutil\samplefmt.h">
      <Filter>ffmpeg</Filter>
    </ClInclude>
    <ClInclude Include="..\include\libavutil\sha.h">
      <Filter>ffmpeg</Filter>
    </ClInclude>
    <ClInclude Include="..\include\libavutil\sha512.h">
      <Filter>ffmpeg</Filter>
    </ClInclude>
    <ClInclude Include="..\include\libavutil\spherical.h">
      <Filter>ffmpeg</Filter>
    </ClInclude>
    <ClInclude Include="..\include\libavutil\stereo3d.h">
      <Filter>ffmpeg</Filter>
    </ClInclude>
    <ClInclude Include="..\include\libavutil\tea.h">
      <Filter>ffmpeg</Filter>
    </ClInclude>
    <ClInclude Include="..\include\libavutil\threadmessage.h">
      <Filter>ffmpeg</Filter>
    </ClInclude>
    <ClInclude Include="..\include\libavutil\time.h">
      <Filter>ffmpeg</Filter>
    </ClInclude>
    <ClInclude Include="..\include\libavutil\timecode.h">
      <Filter>ffmpeg</Filter>
    </ClInclude>
    <ClInclude Include="..\include\libavutil\timestamp.h">
      <Filter>ffmpeg</Filter>
    </ClInclude>
    <ClInclude Include="..\include\libavutil\tree.h">
      <Filter>ffmpeg</Filter>
    </ClInclude>
    <ClInclude Include="..\include\libavutil\twofish.h">
      <Filter>ffmpeg</Filter>
    </ClInclude>
    <ClInclude Include="..\include\libavutil\tx.h">
      <Filter>ffmpeg</Filter>
    </ClInclude>
    <ClInclude Include="..\include\libavutil\uuid.h">
      <Filter>ffmpeg</Filter>
    </ClInclude>
    <ClInclude Include="..\include\libavutil\version.h">
      <Filter>ffmpeg</Filter>
    </ClInclude>
    <ClInclude Include="..\include\libavutil\video_enc_params.h">
      <Filter>ffmpeg</Filter>
    </ClInclude>
    <ClInclude Include="..\include\libavutil\xtea.h">
      <Filter>ffmpeg</Filter>
    </ClInclude>
    <ClInclude Include="..\include\libpostproc\postprocess.h">
      <Filter>ffmpeg</Filter>
    </ClInclude>
    <ClInclude Include="..\include\libpostproc\version.h">
      <Filter>ffmpeg</Filter>
    </ClInclude>
    <ClInclude Include="..\include\libpostproc\version_major.h">
      <Filter>ffmpeg</Filter>
    </ClInclude>
    <ClInclude Include="..\include\libswresample\swresample.h">
      <Filter>ffmpeg</Filter>
    </ClInclude>
    <ClInclude Include="..\include\libswresample\version.h">
      <Filter>ffmpeg</Filter>
    </ClInclude>
    <ClInclude Include="..\include\libswresample\version_major.h">
      <Filter>ffmpeg</Filter>
    </ClInclude>
    <ClInclude Include="..\include\libswscale\swscale.h">
      <Filter>ffmpeg</Filter>
    </ClInclude>
    <ClInclude Include="..\include\libswscale\version.h">
      <Filter>ffmpeg</Filter>
    </ClInclude>
    <ClInclude Include="..\include\libswscale\version_major.h">
      <Filter>ffmpeg</Filter>
    </ClInclude>
  </ItemGroup>
</Project>